// !$*UTF8*$!
{
	archiveVersion = 1;
	classes = {
	};
	objectVersion = 46;
	objects = {

/* Begin PBXBuildFile section */
		9BBF4FBF19DC8EF000879F25 /* main.cpp in Sources */ = {isa = PBXBuildFile; fileRef = 9BBF4FBE19DC8EF000879F25 /* main.cpp */; };
/* End PBXBuildFile section */

/* Begin PBXCopyFilesBuildPhase section */
		9BBF4FB919DC8EEF00879F25 /* CopyFiles */ = {
			isa = PBXCopyFilesBuildPhase;
			buildActionMask = 2147483647;
			dstPath = /usr/share/man/man1/;
			dstSubfolderSpec = 0;
			files = (
			);
			runOnlyForDeploymentPostprocessing = 1;
		};
/* End PBXCopyFilesBuildPhase section */

/* Begin PBXFileReference section */
		9BBF4FBB19DC8EEF00879F25 /* multiplematrix */ = {isa = PBXFileReference; explicitFileType = "compiled.mach-o.executable"; includeInIndex = 0; path = multiplematrix; sourceTree = BUILT_PRODUCTS_DIR; };
		9BBF4FBE19DC8EF000879F25 /* main.cpp */ = {isa = PBXFileReference; lastKnownFileType = sourcecode.cpp.cpp; path = main.cpp; sourceTree = "<group>"; };
/* End PBXFileReference section */

/* Begin PBXFrameworksBuildPhase section */
		9BBF4FB819DC8EEF00879F25 /* Frameworks */ = {
			isa = PBXFrameworksBuildPhase;
			buildActionMask = 2147483647;
			files = (
			);
			runOnlyForDeploymentPostprocessing = 0;
		};
/* End PBXFrameworksBuildPhase section */

/* Begin PBXGroup section */
		9BBF4FB219DC8EEF00879F25 = {
			isa = PBXGroup;
			children = (
				9BBF4FBD19DC8EEF00879F25 /* multiplematrix */,
				9BBF4FBC19DC8EEF00879F25 /* Products */,
			);
			sourceTree = "<group>";
		};
		9BBF4FBC19DC8EEF00879F25 /* Products */ = {
			isa = PBXGroup;
			children = (
				9BBF4FBB19DC8EEF00879F25 /* multiplematrix */,
			);
			name = Products;
			sourceTree = "<group>";
		};
		9BBF4FBD19DC8EEF00879F25 /* multiplematrix */ = {
			isa = PBXGroup;
			children = (
				9BBF4FBE19DC8EF000879F25 /* main.cpp */,
			);
			path = multiplematrix;
			sourceTree = "<group>";
		};
/* End PBXGroup section */

/* Begin PBXNativeTarget section */
		9BBF4FBA19DC8EEF00879F25 /* multiplematrix */ = {
			isa = PBXNativeTarget;
			buildConfigurationList = 9BBF4FC219DC8EF000879F25 /* Build configuration list for PBXNativeTarget "multiplematrix" */;
			buildPhases = (
				9BBF4FB719DC8EEF00879F25 /* Sources */,
				9BBF4FB819DC8EEF00879F25 /* Frameworks */,
				9BBF4FB919DC8EEF00879F25 /* CopyFiles */,
			);
			buildRules = (
			);
			dependencies = (
			);
			name = multiplematrix;
			productName = multiplematrix;
			productReference = 9BBF4FBB19DC8EEF00879F25 /* multiplematrix */;
			productType = "com.apple.product-type.tool";
		};
/* End PBXNativeTarget section */

/* Begin PBXProject section */
		9BBF4FB319DC8EEF00879F25 /* Project object */ = {
			isa = PBXProject;
			attributes = {
				LastUpgradeCheck = 0600;
				ORGANIZATIONNAME = NCSU;
				TargetAttributes = {
					9BBF4FBA19DC8EEF00879F25 = {
						CreatedOnToolsVersion = 6.0.1;
					};
				};
			};
			buildConfigurationList = 9BBF4FB619DC8EEF00879F25 /* Build configuration list for PBXProject "multiplematrix" */;
			compatibilityVersion = "Xcode 3.2";
			developmentRegion = English;
			hasScannedForEncodings = 0;
			knownRegions = (
				en,
			);
			mainGroup = 9BBF4FB219DC8EEF00879F25;
			productRefGroup = 9BBF4FBC19DC8EEF00879F25 /* Products */;
			projectDirPath = "";
			projectRoot = "";
			targets = (
				9BBF4FBA19DC8EEF00879F25 /* multiplematrix */,
			);
		};
/* End PBXProject section */

/* Begin PBXSourcesBuildPhase section */
		9BBF4FB719DC8EEF00879F25 /* Sources */ = {
			isa = PBXSourcesBuildPhase;
			buildActionMask = 2147483647;
			files = (
				9BBF4FBF19DC8EF000879F25 /* main.cpp in Sources */,
			);
			runOnlyForDeploymentPostprocessing = 0;
		};
/* End PBXSourcesBuildPhase section */

/* Begin XCBuildConfiguration section */
		9BBF4FC019DC8EF000879F25 /* Debug */ = {
			isa = XCBuildConfiguration;
			buildSettings = {
				ALWAYS_SEARCH_USER_PATHS = NO;
				CLANG_CXX_LANGUAGE_STANDARD = "gnu++0x";
				CLANG_CXX_LIBRARY = "libc++";
				CLANG_ENABLE_MODULES = YES;
				CLANG_ENABLE_OBJC_ARC = YES;
				CLANG_WARN_BOOL_CONVERSION = YES;
				CLANG_WARN_CONSTANT_CONVERSION = YES;
				CLANG_WARN_DIRECT_OBJC_ISA_USAGE = YES_ERROR;
				CLANG_WARN_EMPTY_BODY = YES;
				CLANG_WARN_ENUM_CONVERSION = YES;
				CLANG_WARN_INT_CONVERSION = YES;
				CLANG_WARN_OBJC_ROOT_CLASS = YES_ERROR;
				CLANG_WARN_UNREACHABLE_CODE = YES;
				CLANG_WARN__DUPLICATE_METHOD_MATCH = YES;
				COPY_PHASE_STRIP = NO;
				ENABLE_STRICT_OBJC_MSGSEND = YES;
				GCC_C_LANGUAGE_STANDARD = gnu99;
				GCC_DYNAMIC_NO_PIC = NO;
				GCC_OPTIMIZATION_LEVEL = 0;
				GCC_PREPROCESSOR_DEFINITIONS = (
					"DEBUG=1",
					"$(inherited)",
				);
				GCC_SYMBOLS_PRIVATE_EXTERN = NO;
				GCC_WARN_64_TO_32_BIT_CONVERSION = YES;
				GCC_WARN_ABOUT_RETURN_TYPE = YES_ERROR;
				GCC_WARN_UNDECLARED_SELECTOR = YES;
				GCC_WARN_UNINITIALIZED_AUTOS = YES_AGGRESSIVE;
				GCC_WARN_UNUSED_FUNCTION = YES;
				GCC_WARN_UNUSED_VARIABLE = YES;
				MACOSX_DEPLOYMENT_TARGET = 10.9;
				MTL_ENABLE_DEBUG_INFO = YES;
				ONLY_ACTIVE_ARCH = YES;
				SDKROOT = macosx;
			};
			name = Debug;
		};
		9BBF4FC119DC8EF000879F25 /* Release */ = {
			isa = XCBuildConfiguration;
			buildSettings = {
				ALWAYS_SEARCH_USER_PATHS = NO;
				CLANG_CXX_LANGUAGE_STANDARD = "gnu++0x";
				CLANG_CXX_LIBRARY = "libc++";
				CLANG_ENABLE_MODULES = YES;
				CLANG_ENABLE_OBJC_ARC = YES;
				CLANG_WARN_BOOL_CONVERSION = YES;
				CLANG_WARN_CONSTANT_CONVERSION = YES;
				CLANG_WARN_DIRECT_OBJC_ISA_USAGE = YES_ERROR;
				CLANG_WARN_EMPTY_BODY = YES;
				CLANG_WARN_ENUM_CONVERSION = YES;
				CLANG_WARN_INT_CONVERSION = YES;
				CLANG_WARN_OBJC_ROOT_CLASS = YES_ERROR;
				CLANG_WARN_UNREACHABLE_CODE = YES;
				CLANG_WARN__DUPLICATE_METHOD_MATCH = YES;
				COPY_PHASE_STRIP = YES;
				DEBUG_INFORMATION_FORMAT = "dwarf-with-dsym";
				ENABLE_NS_ASSERTIONS = NO;
				ENABLE_STRICT_OBJC_MSGSEND = YES;
				GCC_C_LANGUAGE_STANDARD = gnu99;
				GCC_WARN_64_TO_32_BIT_CONVERSION = YES;
				GCC_WARN_ABOUT_RETURN_TYPE = YES_ERROR;
				GCC_WARN_UNDECLARED_SELECTOR = YES;
				GCC_WARN_UNINITIALIZED_AUTOS = YES_AGGRESSIVE;
				GCC_WARN_UNUSED_FUNCTION = YES;
				GCC_WARN_UNUSED_VARIABLE = YES;
				MACOSX_DEPLOYMENT_TARGET = 10.9;
				MTL_ENABLE_DEBUG_INFO = NO;
				SDKROOT = macosx;
			};
			name = Release;
		};
		9BBF4FC319DC8EF000879F25 /* Debug */ = {
			isa = XCBuildConfiguration;
			buildSettings = {
				PRODUCT_NAME = "$(TARGET_NAME)";
			};
			name = Debug;
		};
		9BBF4FC419DC8EF000879F25 /* Release */ = {
			isa = XCBuildConfiguration;
			buildSettings = {
				PRODUCT_NAME = "$(TARGET_NAME)";
			};
			name = Release;
		};
/* End XCBuildConfiguration section */

/* Begin XCConfigurationList section */
		9BBF4FB619DC8EEF00879F25 /* Build configuration list for PBXProject "multiplematrix" */ = {
			isa = XCConfigurationList;
			buildConfigurations = (
				9BBF4FC019DC8EF000879F25 /* Debug */,
				9BBF4FC119DC8EF000879F25 /* Release */,
			);
			defaultConfigurationIsVisible = 0;
			defaultConfigurationName = Release;
		};
		9BBF4FC219DC8EF000879F25 /* Build configuration list for PBXNativeTarget "multiplematrix" */ = {
			isa = XCConfigurationList;
			buildConfigurations = (
				9BBF4FC319DC8EF000879F25 /* Debug */,
				9BBF4FC419DC8EF000879F25 /* Release */,
			);
			defaultConfigurationIsVisible = 0;
		};
/* End XCConfigurationList section */
	};
	rootObject = 9BBF4FB319DC8EEF00879F25 /* Project object */;
}
